
Microsoft Visual Studio Solution File, Format Version 12.00
# Visual Studio Version 16
VisualStudioVersion = 16.0.28729.10
MinimumVisualStudioVersion = 10.0.40219.1
Project("{FAE04EC0-301F-11D3-BF4B-00C04F79EFBC}") = "ConsoleApp1", "ConsoleApp1.csproj", "{EF4FFD5C-44A1-47CF-BC9B-F806C8825C69}"
EndProject
Global
	GlobalSection(SolutionConfigurationPlatforms) = preSolution
		Debug|Any CPU = Debug|Any CPU
		Release|Any CPU = Release|Any CPU
	EndGlobalSection
	GlobalSection(ProjectConfigurationPlatforms) = postSolution
		{EF4FFD5C-44A1-47CF-BC9B-F806C8825C69}.Debug|Any CPU.ActiveCfg = Debug|Any CPU
		{EF4FFD5C-44A1-47CF-BC9B-F806C8825C69}.Debug|Any CPU.Build.0 = Debug|Any CPU
		{EF4FFD5C-44A1-47CF-BC9B-F806C8825C69}.Release|Any CPU.ActiveCfg = Release|Any CPU
		{EF4FFD5C-44A1-47CF-BC9B-F806C8825C69}.Release|Any CPU.Build.0 = Release|Any CPU
	EndGlobalSection
	GlobalSection(SolutionProperties) = preSolution
		HideSolutionNode = FALSE
	EndGlobalSection
	GlobalSection(ExtensibilityGlobals) = postSolution
		SolutionGuid = {976C3ECB-1328-47C1-AC01-4A6871101327}
	EndGlobalSection
EndGlobal
